// !$*UTF8*$!
{
	archiveVersion = 1;
	classes = {
	};
	objectVersion = 50;
	objects = {

/* Begin PBXBuildFile section */
		43374CB226D1E35F000940B4 /* Device.swift in Sources */ = {isa = PBXBuildFile; fileRef = 43374CB026D1D882000940B4 /* Device.swift */; };
		4397C1AC26D1A4A400F4A785 /* HexadecimalsApp.swift in Sources */ = {isa = PBXBuildFile; fileRef = 4397C1AB26D1A4A400F4A785 /* HexadecimalsApp.swift */; };
		4397C1B026D1A4A500F4A785 /* Assets.xcassets in Resources */ = {isa = PBXBuildFile; fileRef = 4397C1AF26D1A4A500F4A785 /* Assets.xcassets */; };
		4397C1B326D1A4A500F4A785 /* Preview Assets.xcassets in Resources */ = {isa = PBXBuildFile; fileRef = 4397C1B226D1A4A500F4A785 /* Preview Assets.xcassets */; };
		43CDAC8526D1A66700D931B7 /* ContentInputView.swift in Sources */ = {isa = PBXBuildFile; fileRef = 43CDAC8026D1A66700D931B7 /* ContentInputView.swift */; };
		43CDAC8626D1A66700D931B7 /* ContentOutputView.swift in Sources */ = {isa = PBXBuildFile; fileRef = 43CDAC8126D1A66700D931B7 /* ContentOutputView.swift */; };
		43CDAC8726D1A66700D931B7 /* ContentViewModel.swift in Sources */ = {isa = PBXBuildFile; fileRef = 43CDAC8226D1A66700D931B7 /* ContentViewModel.swift */; };
		43CDAC8826D1A66700D931B7 /* ContentView.swift in Sources */ = {isa = PBXBuildFile; fileRef = 43CDAC8326D1A66700D931B7 /* ContentView.swift */; };
		43CDAC8926D1A66700D931B7 /* ShareSheet.swift in Sources */ = {isa = PBXBuildFile; fileRef = 43CDAC8426D1A66700D931B7 /* ShareSheet.swift */; };
		43CDAC8C26D1A66E00D931B7 /* ConversionResult.swift in Sources */ = {isa = PBXBuildFile; fileRef = 43CDAC8B26D1A66E00D931B7 /* ConversionResult.swift */; };
		43CDAC9026D1A67E00D931B7 /* View.swift in Sources */ = {isa = PBXBuildFile; fileRef = 43CDAC8E26D1A67E00D931B7 /* View.swift */; };
		43CDAC9126D1A67E00D931B7 /* Color.swift in Sources */ = {isa = PBXBuildFile; fileRef = 43CDAC8F26D1A67E00D931B7 /* Color.swift */; };
		43CDAC9526D1A68400D931B7 /* CallStackRecoder.swift in Sources */ = {isa = PBXBuildFile; fileRef = 43CDAC9326D1A68400D931B7 /* CallStackRecoder.swift */; };
		43CDAC9626D1A68400D931B7 /* SignalExceptionHandler.swift in Sources */ = {isa = PBXBuildFile; fileRef = 43CDAC9426D1A68400D931B7 /* SignalExceptionHandler.swift */; };
/* End PBXBuildFile section */

/* Begin PBXFileReference section */
		43374CB026D1D882000940B4 /* Device.swift */ = {isa = PBXFileReference; lastKnownFileType = sourcecode.swift; path = Device.swift; sourceTree = "<group>"; };
		4397C1A826D1A4A400F4A785 /* Hexadecimals.app */ = {isa = PBXFileReference; explicitFileType = wrapper.application; includeInIndex = 0; path = Hexadecimals.app; sourceTree = BUILT_PRODUCTS_DIR; };
		4397C1AB26D1A4A400F4A785 /* HexadecimalsApp.swift */ = {isa = PBXFileReference; lastKnownFileType = sourcecode.swift; path = HexadecimalsApp.swift; sourceTree = "<group>"; };
		4397C1AF26D1A4A500F4A785 /* Assets.xcassets */ = {isa = PBXFileReference; lastKnownFileType = folder.assetcatalog; path = Assets.xcassets; sourceTree = "<group>"; };
		4397C1B226D1A4A500F4A785 /* Preview Assets.xcassets */ = {isa = PBXFileReference; lastKnownFileType = folder.assetcatalog; path = "Preview Assets.xcassets"; sourceTree = "<group>"; };
		4397C1B426D1A4A500F4A785 /* Info.plist */ = {isa = PBXFileReference; lastKnownFileType = text.plist.xml; path = Info.plist; sourceTree = "<group>"; };
		43CDAC8026D1A66700D931B7 /* ContentInputView.swift */ = {isa = PBXFileReference; fileEncoding = 4; lastKnownFileType = sourcecode.swift; path = ContentInputView.swift; sourceTree = "<group>"; };
		43CDAC8126D1A66700D931B7 /* ContentOutputView.swift */ = {isa = PBXFileReference; fileEncoding = 4; lastKnownFileType = sourcecode.swift; path = ContentOutputView.swift; sourceTree = "<group>"; };
		43CDAC8226D1A66700D931B7 /* ContentViewModel.swift */ = {isa = PBXFileReference; fileEncoding = 4; lastKnownFileType = sourcecode.swift; path = ContentViewModel.swift; sourceTree = "<group>"; };
		43CDAC8326D1A66700D931B7 /* ContentView.swift */ = {isa = PBXFileReference; fileEncoding = 4; lastKnownFileType = sourcecode.swift; path = ContentView.swift; sourceTree = "<group>"; };
		43CDAC8426D1A66700D931B7 /* ShareSheet.swift */ = {isa = PBXFileReference; fileEncoding = 4; lastKnownFileType = sourcecode.swift; path = ShareSheet.swift; sourceTree = "<group>"; };
		43CDAC8B26D1A66E00D931B7 /* ConversionResult.swift */ = {isa = PBXFileReference; fileEncoding = 4; lastKnownFileType = sourcecode.swift; path = ConversionResult.swift; sourceTree = "<group>"; };
		43CDAC8E26D1A67E00D931B7 /* View.swift */ = {isa = PBXFileReference; fileEncoding = 4; lastKnownFileType = sourcecode.swift; path = View.swift; sourceTree = "<group>"; };
		43CDAC8F26D1A67E00D931B7 /* Color.swift */ = {isa = PBXFileReference; fileEncoding = 4; lastKnownFileType = sourcecode.swift; path = Color.swift; sourceTree = "<group>"; };
		43CDAC9326D1A68400D931B7 /* CallStackRecoder.swift */ = {isa = PBXFileReference; fileEncoding = 4; lastKnownFileType = sourcecode.swift; path = CallStackRecoder.swift; sourceTree = "<group>"; };
		43CDAC9426D1A68400D931B7 /* SignalExceptionHandler.swift */ = {isa = PBXFileReference; fileEncoding = 4; lastKnownFileType = sourcecode.swift; path = SignalExceptionHandler.swift; sourceTree = "<group>"; };
/* End PBXFileReference section */

/* Begin PBXFrameworksBuildPhase section */
		4397C1A526D1A4A400F4A785 /* Frameworks */ = {
			isa = PBXFrameworksBuildPhase;
			buildActionMask = 2147483647;
			files = (
			);
			runOnlyForDeploymentPostprocessing = 0;
		};
/* End PBXFrameworksBuildPhase section */

/* Begin PBXGroup section */
		4397C19F26D1A4A400F4A785 = {
			isa = PBXGroup;
			children = (
				4397C1AA26D1A4A400F4A785 /* Hexadecimals */,
				4397C1A926D1A4A400F4A785 /* Products */,
			);
			sourceTree = "<group>";
		};
		4397C1A926D1A4A400F4A785 /* Products */ = {
			isa = PBXGroup;
			children = (
				4397C1A826D1A4A400F4A785 /* Hexadecimals.app */,
			);
			name = Products;
			sourceTree = "<group>";
		};
		4397C1AA26D1A4A400F4A785 /* Hexadecimals */ = {
			isa = PBXGroup;
			children = (
				4397C1AB26D1A4A400F4A785 /* HexadecimalsApp.swift */,
				43CDAC7E26D1A66700D931B7 /* Content */,
				43CDAC8A26D1A66E00D931B7 /* Entiry */,
				43CDAC8D26D1A67E00D931B7 /* Extension */,
				43CDAC9226D1A68400D931B7 /* Support */,
				4397C1AF26D1A4A500F4A785 /* Assets.xcassets */,
				4397C1B426D1A4A500F4A785 /* Info.plist */,
				4397C1B126D1A4A500F4A785 /* Preview Content */,
			);
			path = Hexadecimals;
			sourceTree = "<group>";
		};
		4397C1B126D1A4A500F4A785 /* Preview Content */ = {
			isa = PBXGroup;
			children = (
				4397C1B226D1A4A500F4A785 /* Preview Assets.xcassets */,
			);
			path = "Preview Content";
			sourceTree = "<group>";
		};
		43CDAC7E26D1A66700D931B7 /* Content */ = {
			isa = PBXGroup;
			children = (
				43CDAC7F26D1A66700D931B7 /* Subviews */,
				43CDAC8226D1A66700D931B7 /* ContentViewModel.swift */,
				43CDAC8326D1A66700D931B7 /* ContentView.swift */,
				43CDAC8426D1A66700D931B7 /* ShareSheet.swift */,
			);
			path = Content;
			sourceTree = "<group>";
		};
		43CDAC7F26D1A66700D931B7 /* Subviews */ = {
			isa = PBXGroup;
			children = (
				43CDAC8026D1A66700D931B7 /* ContentInputView.swift */,
				43CDAC8126D1A66700D931B7 /* ContentOutputView.swift */,
			);
			path = Subviews;
			sourceTree = "<group>";
		};
		43CDAC8A26D1A66E00D931B7 /* Entiry */ = {
			isa = PBXGroup;
			children = (
				43CDAC8B26D1A66E00D931B7 /* ConversionResult.swift */,
			);
			path = Entiry;
			sourceTree = "<group>";
		};
		43CDAC8D26D1A67E00D931B7 /* Extension */ = {
			isa = PBXGroup;
			children = (
				43CDAC8E26D1A67E00D931B7 /* View.swift */,
				43CDAC8F26D1A67E00D931B7 /* Color.swift */,
			);
			path = Extension;
			sourceTree = "<group>";
		};
		43CDAC9226D1A68400D931B7 /* Support */ = {
			isa = PBXGroup;
			children = (
				43CDAC9326D1A68400D931B7 /* CallStackRecoder.swift */,
				43374CB026D1D882000940B4 /* Device.swift */,
				43CDAC9426D1A68400D931B7 /* SignalExceptionHandler.swift */,
			);
			path = Support;
			sourceTree = "<group>";
		};
/* End PBXGroup section */

/* Begin PBXNativeTarget section */
		4397C1A726D1A4A400F4A785 /* Hexadecimals */ = {
			isa = PBXNativeTarget;
			buildConfigurationList = 4397C1B726D1A4A500F4A785 /* Build configuration list for PBXNativeTarget "Hexadecimals" */;
			buildPhases = (
				4397C1A426D1A4A400F4A785 /* Sources */,
				4397C1A526D1A4A400F4A785 /* Frameworks */,
				4397C1A626D1A4A400F4A785 /* Resources */,
			);
			buildRules = (
			);
			dependencies = (
			);
			name = Hexadecimals;
			productName = Hexadecimals;
			productReference = 4397C1A826D1A4A400F4A785 /* Hexadecimals.app */;
			productType = "com.apple.product-type.application";
		};
/* End PBXNativeTarget section */

/* Begin PBXProject section */
		4397C1A026D1A4A400F4A785 /* Project object */ = {
			isa = PBXProject;
			attributes = {
				LastSwiftUpdateCheck = 1250;
				LastUpgradeCheck = 1250;
				TargetAttributes = {
					4397C1A726D1A4A400F4A785 = {
						CreatedOnToolsVersion = 12.5;
					};
				};
			};
			buildConfigurationList = 4397C1A326D1A4A400F4A785 /* Build configuration list for PBXProject "Hexadecimals" */;
			compatibilityVersion = "Xcode 9.3";
			developmentRegion = en;
			hasScannedForEncodings = 0;
			knownRegions = (
				en,
				Base,
			);
			mainGroup = 4397C19F26D1A4A400F4A785;
			productRefGroup = 4397C1A926D1A4A400F4A785 /* Products */;
			projectDirPath = "";
			projectRoot = "";
			targets = (
				4397C1A726D1A4A400F4A785 /* Hexadecimals */,
			);
		};
/* End PBXProject section */

/* Begin PBXResourcesBuildPhase section */
		4397C1A626D1A4A400F4A785 /* Resources */ = {
			isa = PBXResourcesBuildPhase;
			buildActionMask = 2147483647;
			files = (
				4397C1B326D1A4A500F4A785 /* Preview Assets.xcassets in Resources */,
				4397C1B026D1A4A500F4A785 /* Assets.xcassets in Resources */,
			);
			runOnlyForDeploymentPostprocessing = 0;
		};
/* End PBXResourcesBuildPhase section */

/* Begin PBXSourcesBuildPhase section */
		4397C1A426D1A4A400F4A785 /* Sources */ = {
			isa = PBXSourcesBuildPhase;
			buildActionMask = 2147483647;
			files = (
				43CDAC9026D1A67E00D931B7 /* View.swift in Sources */,
				43CDAC9526D1A68400D931B7 /* CallStackRecoder.swift in Sources */,
				43CDAC8526D1A66700D931B7 /* ContentInputView.swift in Sources */,
				43374CB226D1E35F000940B4 /* Device.swift in Sources */,
				43CDAC8626D1A66700D931B7 /* ContentOutputView.swift in Sources */,
				43CDAC8826D1A66700D931B7 /* ContentView.swift in Sources */,
				4397C1AC26D1A4A400F4A785 /* HexadecimalsApp.swift in Sources */,
				43CDAC8726D1A66700D931B7 /* ContentViewModel.swift in Sources */,
				43CDAC9626D1A68400D931B7 /* SignalExceptionHandler.swift in Sources */,
				43CDAC8C26D1A66E00D931B7 /* ConversionResult.swift in Sources */,
				43CDAC8926D1A66700D931B7 /* ShareSheet.swift in Sources */,
				43CDAC9126D1A67E00D931B7 /* Color.swift in Sources */,
			);
			runOnlyForDeploymentPostprocessing = 0;
		};
/* End PBXSourcesBuildPhase section */

/* Begin XCBuildConfiguration section */
		4397C1B526D1A4A500F4A785 /* Debug */ = {
			isa = XCBuildConfiguration;
			buildSettings = {
				ALWAYS_SEARCH_USER_PATHS = NO;
				CLANG_ANALYZER_NONNULL = YES;
				CLANG_ANALYZER_NUMBER_OBJECT_CONVERSION = YES_AGGRESSIVE;
				CLANG_CXX_LANGUAGE_STANDARD = "gnu++14";
				CLANG_CXX_LIBRARY = "libc++";
				CLANG_ENABLE_MODULES = YES;
				CLANG_ENABLE_OBJC_ARC = YES;
				CLANG_ENABLE_OBJC_WEAK = YES;
				CLANG_WARN_BLOCK_CAPTURE_AUTORELEASING = YES;
				CLANG_WARN_BOOL_CONVERSION = YES;
				CLANG_WARN_COMMA = YES;
				CLANG_WARN_CONSTANT_CONVERSION = YES;
				CLANG_WARN_DEPRECATED_OBJC_IMPLEMENTATIONS = YES;
				CLANG_WARN_DIRECT_OBJC_ISA_USAGE = YES_ERROR;
				CLANG_WARN_DOCUMENTATION_COMMENTS = YES;
				CLANG_WARN_EMPTY_BODY = YES;
				CLANG_WARN_ENUM_CONVERSION = YES;
				CLANG_WARN_INFINITE_RECURSION = YES;
				CLANG_WARN_INT_CONVERSION = YES;
				CLANG_WARN_NON_LITERAL_NULL_CONVERSION = YES;
				CLANG_WARN_OBJC_IMPLICIT_RETAIN_SELF = YES;
				CLANG_WARN_OBJC_LITERAL_CONVERSION = YES;
				CLANG_WARN_OBJC_ROOT_CLASS = YES_ERROR;
				CLANG_WARN_QUOTED_INCLUDE_IN_FRAMEWORK_HEADER = YES;
				CLANG_WARN_RANGE_LOOP_ANALYSIS = YES;
				CLANG_WARN_STRICT_PROTOTYPES = YES;
				CLANG_WARN_SUSPICIOUS_MOVE = YES;
				CLANG_WARN_UNGUARDED_AVAILABILITY = YES_AGGRESSIVE;
				CLANG_WARN_UNREACHABLE_CODE = YES;
				CLANG_WARN__DUPLICATE_METHOD_MATCH = YES;
				COPY_PHASE_STRIP = NO;
				DEBUG_INFORMATION_FORMAT = dwarf;
				ENABLE_STRICT_OBJC_MSGSEND = YES;
				ENABLE_TESTABILITY = YES;
				GCC_C_LANGUAGE_STANDARD = gnu11;
				GCC_DYNAMIC_NO_PIC = NO;
				GCC_NO_COMMON_BLOCKS = YES;
				GCC_OPTIMIZATION_LEVEL = 0;
				GCC_PREPROCESSOR_DEFINITIONS = (
					"DEBUG=1",
					"$(inherited)",
				);
				GCC_WARN_64_TO_32_BIT_CONVERSION = YES;
				GCC_WARN_ABOUT_RETURN_TYPE = YES_ERROR;
				GCC_WARN_UNDECLARED_SELECTOR = YES;
				GCC_WARN_UNINITIALIZED_AUTOS = YES_AGGRESSIVE;
				GCC_WARN_UNUSED_FUNCTION = YES;
				GCC_WARN_UNUSED_VARIABLE = YES;
				IPHONEOS_DEPLOYMENT_TARGET = 14.5;
				MTL_ENABLE_DEBUG_INFO = INCLUDE_SOURCE;
				MTL_FAST_MATH = YES;
				ONLY_ACTIVE_ARCH = YES;
				SDKROOT = iphoneos;
				SWIFT_ACTIVE_COMPILATION_CONDITIONS = DEBUG;
				SWIFT_OPTIMIZATION_LEVEL = "-Onone";
			};
			name = Debug;
		};
		4397C1B626D1A4A500F4A785 /* Release */ = {
			isa = XCBuildConfiguration;
			buildSettings = {
				ALWAYS_SEARCH_USER_PATHS = NO;
				CLANG_ANALYZER_NONNULL = YES;
				CLANG_ANALYZER_NUMBER_OBJECT_CONVERSION = YES_AGGRESSIVE;
				CLANG_CXX_LANGUAGE_STANDARD = "gnu++14";
				CLANG_CXX_LIBRARY = "libc++";
				CLANG_ENABLE_MODULES = YES;
				CLANG_ENABLE_OBJC_ARC = YES;
				CLANG_ENABLE_OBJC_WEAK = YES;
				CLANG_WARN_BLOCK_CAPTURE_AUTORELEASING = YES;
				CLANG_WARN_BOOL_CONVERSION = YES;
				CLANG_WARN_COMMA = YES;
				CLANG_WARN_CONSTANT_CONVERSION = YES;
				CLANG_WARN_DEPRECATED_OBJC_IMPLEMENTATIONS = YES;
				CLANG_WARN_DIRECT_OBJC_ISA_USAGE = YES_ERROR;
				CLANG_WARN_DOCUMENTATION_COMMENTS = YES;
				CLANG_WARN_EMPTY_BODY = YES;
				CLANG_WARN_ENUM_CONVERSION = YES;
				CLANG_WARN_INFINITE_RECURSION = YES;
				CLANG_WARN_INT_CONVERSION = YES;
				CLANG_WARN_NON_LITERAL_NULL_CONVERSION = YES;
				CLANG_WARN_OBJC_IMPLICIT_RETAIN_SELF = YES;
				CLANG_WARN_OBJC_LITERAL_CONVERSION = YES;
				CLANG_WARN_OBJC_ROOT_CLASS = YES_ERROR;
				CLANG_WARN_QUOTED_INCLUDE_IN_FRAMEWORK_HEADER = YES;
				CLANG_WARN_RANGE_LOOP_ANALYSIS = YES;
				CLANG_WARN_STRICT_PROTOTYPES = YES;
				CLANG_WARN_SUSPICIOUS_MOVE = YES;
				CLANG_WARN_UNGUARDED_AVAILABILITY = YES_AGGRESSIVE;
				CLANG_WARN_UNREACHABLE_CODE = YES;
				CLANG_WARN__DUPLICATE_METHOD_MATCH = YES;
				COPY_PHASE_STRIP = NO;
				DEBUG_INFORMATION_FORMAT = "dwarf-with-dsym";
				ENABLE_NS_ASSERTIONS = NO;
				ENABLE_STRICT_OBJC_MSGSEND = YES;
				GCC_C_LANGUAGE_STANDARD = gnu11;
				GCC_NO_COMMON_BLOCKS = YES;
				GCC_WARN_64_TO_32_BIT_CONVERSION = YES;
				GCC_WARN_ABOUT_RETURN_TYPE = YES_ERROR;
				GCC_WARN_UNDECLARED_SELECTOR = YES;
				GCC_WARN_UNINITIALIZED_AUTOS = YES_AGGRESSIVE;
				GCC_WARN_UNUSED_FUNCTION = YES;
				GCC_WARN_UNUSED_VARIABLE = YES;
				IPHONEOS_DEPLOYMENT_TARGET = 14.5;
				MTL_ENABLE_DEBUG_INFO = NO;
				MTL_FAST_MATH = YES;
				SDKROOT = iphoneos;
				SWIFT_COMPILATION_MODE = wholemodule;
				SWIFT_OPTIMIZATION_LEVEL = "-O";
				VALIDATE_PRODUCT = YES;
			};
			name = Release;
		};
		4397C1B826D1A4A500F4A785 /* Debug */ = {
			isa = XCBuildConfiguration;
			buildSettings = {
				ASSETCATALOG_COMPILER_APPICON_NAME = AppIcon;
				ASSETCATALOG_COMPILER_GLOBAL_ACCENT_COLOR_NAME = AccentColor;
				CODE_SIGN_STYLE = Automatic;
				CURRENT_PROJECT_VERSION = 1.0.0.0;
				DEVELOPMENT_ASSET_PATHS = "\"Hexadecimals/Preview Content\"";
				DEVELOPMENT_TEAM = QTG7MUN42X;
				ENABLE_PREVIEWS = YES;
				INFOPLIST_FILE = Hexadecimals/Info.plist;
				IPHONEOS_DEPLOYMENT_TARGET = 14.0;
				LD_RUNPATH_SEARCH_PATHS = (
					"$(inherited)",
					"@executable_path/Frameworks",
				);
				MARKETING_VERSION = 1.0.0;
				PRODUCT_BUNDLE_IDENTIFIER = com.jpn.naru.hexadecimals;
				PRODUCT_NAME = "$(TARGET_NAME)";
				SWIFT_VERSION = 5.0;
				TARGETED_DEVICE_FAMILY = "1,2";
			};
			name = Debug;
		};
		4397C1B926D1A4A500F4A785 /* Release */ = {
			isa = XCBuildConfiguration;
			buildSettings = {
				ASSETCATALOG_COMPILER_APPICON_NAME = AppIcon;
				ASSETCATALOG_COMPILER_GLOBAL_ACCENT_COLOR_NAME = AccentColor;
				CODE_SIGN_STYLE = Automatic;
				CURRENT_PROJECT_VERSION = 1.0.0.0;
				DEVELOPMENT_ASSET_PATHS = "\"Hexadecimals/Preview Content\"";
				DEVELOPMENT_TEAM = QTG7MUN42X;
				ENABLE_PREVIEWS = YES;
				INFOPLIST_FILE = Hexadecimals/Info.plist;
				IPHONEOS_DEPLOYMENT_TARGET = 14.0;
				LD_RUNPATH_SEARCH_PATHS = (
					"$(inherited)",
					"@executable_path/Frameworks",
				);
				MARKETING_VERSION = 1.0.0;
				PRODUCT_BUNDLE_IDENTIFIER = com.jpn.naru.hexadecimals;
				PRODUCT_NAME = "$(TARGET_NAME)";
				SWIFT_VERSION = 5.0;
				TARGETED_DEVICE_FAMILY = "1,2";
			};
			name = Release;
		};
/* End XCBuildConfiguration section */

/* Begin XCConfigurationList section */
		4397C1A326D1A4A400F4A785 /* Build configuration list for PBXProject "Hexadecimals" */ = {
			isa = XCConfigurationList;
			buildConfigurations = (
				4397C1B526D1A4A500F4A785 /* Debug */,
				4397C1B626D1A4A500F4A785 /* Release */,
			);
			defaultConfigurationIsVisible = 0;
			defaultConfigurationName = Release;
		};
		4397C1B726D1A4A500F4A785 /* Build configuration list for PBXNativeTarget "Hexadecimals" */ = {
			isa = XCConfigurationList;
			buildConfigurations = (
				4397C1B826D1A4A500F4A785 /* Debug */,
				4397C1B926D1A4A500F4A785 /* Release */,
			);
			defaultConfigurationIsVisible = 0;
			defaultConfigurationName = Release;
		};
/* End XCConfigurationList section */
	};
	rootObject = 4397C1A026D1A4A400F4A785 /* Project object */;
}
